
Microsoft Visual Studio Solution File, Format Version 12.00
# Visual Studio Version 17
VisualStudioVersion = 17.9.34518.117
MinimumVisualStudioVersion = 10.0.40219.1
Project("{FAE04EC0-301F-11D3-BF4B-00C04F79EFBC}") = "eng-ui", "eng-ui.csproj", "{ADB1573B-A9A0-4C5E-A9F6-A845BECB9478}"
EndProject
Global
	GlobalSection(SolutionConfigurationPlatforms) = preSolution
		Debug|Any CPU = Debug|Any CPU
		Release|Any CPU = Release|Any CPU
	EndGlobalSection
	GlobalSection(ProjectConfigurationPlatforms) = postSolution
		{ADB1573B-A9A0-4C5E-A9F6-A845BECB9478}.Debug|Any CPU.ActiveCfg = Debug|Any CPU
		{ADB1573B-A9A0-4C5E-A9F6-A845BECB9478}.Debug|Any CPU.Build.0 = Debug|Any CPU
		{ADB1573B-A9A0-4C5E-A9F6-A845BECB9478}.Release|Any CPU.ActiveCfg = Release|Any CPU
		{ADB1573B-A9A0-4C5E-A9F6-A845BECB9478}.Release|Any CPU.Build.0 = Release|Any CPU
	EndGlobalSection
	GlobalSection(SolutionProperties) = preSolution
		HideSolutionNode = FALSE
	EndGlobalSection
	GlobalSection(ExtensibilityGlobals) = postSolution
		SolutionGuid = {C31AF687-BD9E-408C-820E-76ABE8E48715}
	EndGlobalSection
EndGlobal
